
Microsoft Visual Studio Solution File, Format Version 12.00
# Visual Studio 15
Project("{FAE04EC0-301F-11D3-BF4B-00C04F79EFBC}") = "Client", "Client\Client.csproj", "{6FC69FFE-C238-4968-AE23-C5DEF9E76F95}"
EndProject
Project("{FAE04EC0-301F-11D3-BF4B-00C04F79EFBC}") = "Server", "Server\Server.csproj", "{24D56FFF-2AEA-40B3-ADD5-6EF4FCEBEF73}"
EndProject
Global
	GlobalSection(SolutionConfigurationPlatforms) = preSolution
		Debug|Any CPU = Debug|Any CPU
		Release|Any CPU = Release|Any CPU
	EndGlobalSection
	GlobalSection(ProjectConfigurationPlatforms) = postSolution
		{6FC69FFE-C238-4968-AE23-C5DEF9E76F95}.Debug|Any CPU.ActiveCfg = Debug|Any CPU
		{6FC69FFE-C238-4968-AE23-C5DEF9E76F95}.Debug|Any CPU.Build.0 = Debug|Any CPU
		{6FC69FFE-C238-4968-AE23-C5DEF9E76F95}.Release|Any CPU.ActiveCfg = Release|Any CPU
		{6FC69FFE-C238-4968-AE23-C5DEF9E76F95}.Release|Any CPU.Build.0 = Release|Any CPU
		{24D56FFF-2AEA-40B3-ADD5-6EF4FCEBEF73}.Debug|Any CPU.ActiveCfg = Debug|Any CPU
		{24D56FFF-2AEA-40B3-ADD5-6EF4FCEBEF73}.Debug|Any CPU.Build.0 = Debug|Any CPU
		{24D56FFF-2AEA-40B3-ADD5-6EF4FCEBEF73}.Release|Any CPU.ActiveCfg = Release|Any CPU
		{24D56FFF-2AEA-40B3-ADD5-6EF4FCEBEF73}.Release|Any CPU.Build.0 = Release|Any CPU
	EndGlobalSection
EndGlobal
