
Microsoft Visual Studio Solution File, Format Version 12.00
# Visual Studio Version 16
VisualStudioVersion = 16.0.29519.87
MinimumVisualStudioVersion = 10.0.40219.1
Project("{FAE04EC0-301F-11D3-BF4B-00C04F79EFBC}") = "Projekt", "Projekt\Projekt.csproj", "{DC6B281F-2EF6-4FFE-99C7-4374958BEC2A}"
EndProject
Global
	GlobalSection(SolutionConfigurationPlatforms) = preSolution
		Debug|Any CPU = Debug|Any CPU
		Release|Any CPU = Release|Any CPU
	EndGlobalSection
	GlobalSection(ProjectConfigurationPlatforms) = postSolution
		{DC6B281F-2EF6-4FFE-99C7-4374958BEC2A}.Debug|Any CPU.ActiveCfg = Debug|Any CPU
		{DC6B281F-2EF6-4FFE-99C7-4374958BEC2A}.Debug|Any CPU.Build.0 = Debug|Any CPU
		{DC6B281F-2EF6-4FFE-99C7-4374958BEC2A}.Release|Any CPU.ActiveCfg = Release|Any CPU
		{DC6B281F-2EF6-4FFE-99C7-4374958BEC2A}.Release|Any CPU.Build.0 = Release|Any CPU
	EndGlobalSection
	GlobalSection(SolutionProperties) = preSolution
		HideSolutionNode = FALSE
	EndGlobalSection
	GlobalSection(ExtensibilityGlobals) = postSolution
		SolutionGuid = {C84DEE0F-5E3C-497B-9364-9D30353DF012}
	EndGlobalSection
EndGlobal
